
Microsoft Visual Studio Solution File, Format Version 12.00
# Visual Studio Version 17
VisualStudioVersion = 17.2.32616.157
MinimumVisualStudioVersion = 10.0.40219.1
Project("{FAE04EC0-301F-11D3-BF4B-00C04F79EFBC}") = "UserExemple", "UserExemple\UserExemple.csproj", "{6FA04E1D-1704-442C-9A8A-05545F476D40}"
EndProject
Global
	GlobalSection(SolutionConfigurationPlatforms) = preSolution
		Debug|Any CPU = Debug|Any CPU
		Release|Any CPU = Release|Any CPU
	EndGlobalSection
	GlobalSection(ProjectConfigurationPlatforms) = postSolution
		{6FA04E1D-1704-442C-9A8A-05545F476D40}.Debug|Any CPU.ActiveCfg = Debug|Any CPU
		{6FA04E1D-1704-442C-9A8A-05545F476D40}.Debug|Any CPU.Build.0 = Debug|Any CPU
		{6FA04E1D-1704-442C-9A8A-05545F476D40}.Release|Any CPU.ActiveCfg = Release|Any CPU
		{6FA04E1D-1704-442C-9A8A-05545F476D40}.Release|Any CPU.Build.0 = Release|Any CPU
	EndGlobalSection
	GlobalSection(SolutionProperties) = preSolution
		HideSolutionNode = FALSE
	EndGlobalSection
	GlobalSection(ExtensibilityGlobals) = postSolution
		SolutionGuid = {64063277-655C-4BCE-9809-5015279F9432}
	EndGlobalSection
EndGlobal
